# This file is automatically @generated by Cargo.
# It is not intended for manual editing.
version = 3

[[package]]
name = "bitflags"
version = "2.5.0"
source = "registry+https://github.com/rust-lang/crates.io-index"
checksum = "cf4b9d6a944f767f8e5e0db018570623c85f3d925ac718db4e06d0187adb21c1"

[[package]]
name = "enum-group"
version = "0.1.2"
source = "registry+https://github.com/rust-lang/crates.io-index"
checksum = "bcb6680eef80d7b376a35502f42ec5ee903f577b3ddfba9e92fc6fe165e28118"
dependencies = [
 "proc-macro2",
 "quote",
 "syn",
]

[[package]]
name = "frontier_lib"
version = "0.1.0"
dependencies = [
 "bitflags",
 "enum-group",
 "thiserror-no-std",
]

[[package]]
name = "proc-macro2"
version = "1.0.79"
source = "registry+https://github.com/rust-lang/crates.io-index"
checksum = "e835ff2298f5721608eb1a980ecaee1aef2c132bf95ecc026a11b7bf3c01c02e"
dependencies = [
 "unicode-ident",
]

[[package]]
name = "quote"
version = "1.0.36"
source = "registry+https://github.com/rust-lang/crates.io-index"
checksum = "0fa76aaf39101c457836aec0ce2316dbdc3ab723cdda1c6bd4e6ad4208acaca7"
dependencies = [
 "proc-macro2",
]

[[package]]
name = "syn"
version = "1.0.109"
source = "registry+https://github.com/rust-lang/crates.io-index"
checksum = "72b64191b275b66ffe2469e8af2c1cfe3bafa67b529ead792a6d0160888b4237"
dependencies = [
 "proc-macro2",
 "quote",
 "unicode-ident",
]

[[package]]
name = "thiserror-impl-no-std"
version = "2.0.2"
source = "registry+https://github.com/rust-lang/crates.io-index"
checksum = "58e6318948b519ba6dc2b442a6d0b904ebfb8d411a3ad3e07843615a72249758"
dependencies = [
 "proc-macro2",
 "quote",
 "syn",
]

[[package]]
name = "thiserror-no-std"
version = "2.0.2"
source = "registry+https://github.com/rust-lang/crates.io-index"
checksum = "a3ad459d94dd517257cc96add8a43190ee620011bb6e6cdc82dafd97dfafafea"
dependencies = [
 "thiserror-impl-no-std",
]

[[package]]
name = "unicode-ident"
version = "1.0.12"
source = "registry+https://github.com/rust-lang/crates.io-index"
checksum = "3354b9ac3fae1ff6755cb6db53683adb661634f67557942dea4facebec0fee4b"
